
Microsoft Visual Studio Solution File, Format Version 12.00
# Visual Studio 14
VisualStudioVersion = 14.0.23107.0
MinimumVisualStudioVersion = 10.0.40219.1
Project("{FAE04EC0-301F-11D3-BF4B-00C04F79EFBC}") = "Game15", "Game15\Game15.csproj", "{071C2504-3AC1-4CD0-A80D-865AC60F1586}"
EndProject
Project("{2150E333-8FDC-42A3-9474-1A3956D46DE8}") = "Solution Items", "Solution Items", "{603462E1-5FBC-4141-B62D-D8933FEE418F}"
	ProjectSection(SolutionItems) = preProject
		WE-Markdown.css = WE-Markdown.css
		WE-Palette.css = WE-Palette.css
	EndProjectSection
EndProject
Global
	GlobalSection(SolutionConfigurationPlatforms) = preSolution
		Debug|Any CPU = Debug|Any CPU
		Release|Any CPU = Release|Any CPU
	EndGlobalSection
	GlobalSection(ProjectConfigurationPlatforms) = postSolution
		{071C2504-3AC1-4CD0-A80D-865AC60F1586}.Debug|Any CPU.ActiveCfg = Debug|Any CPU
		{071C2504-3AC1-4CD0-A80D-865AC60F1586}.Debug|Any CPU.Build.0 = Debug|Any CPU
		{071C2504-3AC1-4CD0-A80D-865AC60F1586}.Release|Any CPU.ActiveCfg = Release|Any CPU
		{071C2504-3AC1-4CD0-A80D-865AC60F1586}.Release|Any CPU.Build.0 = Release|Any CPU
	EndGlobalSection
	GlobalSection(SolutionProperties) = preSolution
		HideSolutionNode = FALSE
	EndGlobalSection
EndGlobal
